
Microsoft Visual Studio Solution File, Format Version 12.00
# Visual Studio 15
VisualStudioVersion = 15.0.28306.52
MinimumVisualStudioVersion = 10.0.40219.1
Project("{9A19103F-16F7-4668-BE54-9A1E7A4F7556}") = "D2RuneHelper3", "D2RuneHelper3\D2RuneHelper3.csproj", "{54684BFF-B3B2-4752-848A-DC7264E862ED}"
EndProject
Global
	GlobalSection(SolutionConfigurationPlatforms) = preSolution
		Debug|Any CPU = Debug|Any CPU
		Release|Any CPU = Release|Any CPU
	EndGlobalSection
	GlobalSection(ProjectConfigurationPlatforms) = postSolution
		{54684BFF-B3B2-4752-848A-DC7264E862ED}.Debug|Any CPU.ActiveCfg = Debug|Any CPU
		{54684BFF-B3B2-4752-848A-DC7264E862ED}.Debug|Any CPU.Build.0 = Debug|Any CPU
		{54684BFF-B3B2-4752-848A-DC7264E862ED}.Release|Any CPU.ActiveCfg = Release|Any CPU
		{54684BFF-B3B2-4752-848A-DC7264E862ED}.Release|Any CPU.Build.0 = Release|Any CPU
	EndGlobalSection
	GlobalSection(SolutionProperties) = preSolution
		HideSolutionNode = FALSE
	EndGlobalSection
	GlobalSection(ExtensibilityGlobals) = postSolution
		SolutionGuid = {635E0C3E-3FDA-4A66-9B96-3660E435F713}
	EndGlobalSection
EndGlobal
